{
  "version": 4,
  "terraform_version": "1.12.2",
  "serial": 5,
  "lineage": "fbd95827-ccc1-4308-a196-0fd5e1d56e07",
  "outputs": {
    "ns-servers": {
      "value": [
        "ns-1431.awsdns-50.org",
        "ns-1794.awsdns-32.co.uk",
        "ns-817.awsdns-38.net",
        "ns-99.awsdns-12.com"
      ],
      "type": [
        "list",
        "string"
      ]
    }
  },
  "resources": [
    {
      "mode": "managed",
      "type": "aws_route53_record",
      "name": "mail_record",
      "provider": "provider[\"registry.terraform.io/hashicorp/aws\"]",
      "instances": [
        {
          "schema_version": 2,
          "attributes": {
            "alias": [],
            "allow_overwrite": null,
            "cidr_routing_policy": [],
            "failover_routing_policy": [],
            "fqdn": "mail.jagatback.com",
            "geolocation_routing_policy": [],
            "geoproximity_routing_policy": [],
            "health_check_id": "",
            "id": "Z01647971VB6HR9ZJVLZT_mail.jagatback.com_MX",
            "latency_routing_policy": [],
            "multivalue_answer_routing_policy": false,
            "name": "mail.jagatback.com",
            "records": [
              "1 aspmx.l.google.com.",
              "10 aspmx2.googlemail.com.",
              "10 aspmx3.googlemail.com.",
              "5 alt1.aspmx.l.google.com.",
              "5 alt2.aspmx.l.google.com."
            ],
            "set_identifier": "",
            "timeouts": null,
            "ttl": 300,
            "type": "MX",
            "weighted_routing_policy": [],
            "zone_id": "Z01647971VB6HR9ZJVLZT"
          },
          "sensitive_attributes": [],
          "identity_schema_version": 0,
          "identity": {
            "account_id": "205930623316",
            "name": "mail.jagatback.com",
            "set_identifier": null,
            "type": "MX",
            "zone_id": "Z01647971VB6HR9ZJVLZT"
          },
          "private": "eyJlMmJmYjczMC1lY2FhLTExZTYtOGY4OC0zNDM2M2JjN2M0YzAiOnsiY3JlYXRlIjoxODAwMDAwMDAwMDAwLCJkZWxldGUiOjE4MDAwMDAwMDAwMDAsInVwZGF0ZSI6MTgwMDAwMDAwMDAwMH0sInNjaGVtYV92ZXJzaW9uIjoiMiJ9",
          "dependencies": [
            "aws_route53_zone.jagatback"
          ]
        }
      ]
    },
    {
      "mode": "managed",
      "type": "aws_route53_record",
      "name": "server1_record",
      "provider": "provider[\"registry.terraform.io/hashicorp/aws\"]",
      "instances": [
        {
          "schema_version": 2,
          "attributes": {
            "alias": [],
            "allow_overwrite": null,
            "cidr_routing_policy": [],
            "failover_routing_policy": [],
            "fqdn": "server1.jagatback.com",
            "geolocation_routing_policy": [],
            "geoproximity_routing_policy": [],
            "health_check_id": "",
            "id": "Z01647971VB6HR9ZJVLZT_server1.jagatback.com_A",
            "latency_routing_policy": [],
            "multivalue_answer_routing_policy": false,
            "name": "server1.jagatback.com",
            "records": [
              "104.236.247.8"
            ],
            "set_identifier": "",
            "timeouts": null,
            "ttl": 300,
            "type": "A",
            "weighted_routing_policy": [],
            "zone_id": "Z01647971VB6HR9ZJVLZT"
          },
          "sensitive_attributes": [],
          "identity_schema_version": 0,
          "identity": {
            "account_id": "205930623316",
            "name": "server1.jagatback.com",
            "set_identifier": null,
            "type": "A",
            "zone_id": "Z01647971VB6HR9ZJVLZT"
          },
          "private": "eyJlMmJmYjczMC1lY2FhLTExZTYtOGY4OC0zNDM2M2JjN2M0YzAiOnsiY3JlYXRlIjoxODAwMDAwMDAwMDAwLCJkZWxldGUiOjE4MDAwMDAwMDAwMDAsInVwZGF0ZSI6MTgwMDAwMDAwMDAwMH0sInNjaGVtYV92ZXJzaW9uIjoiMiJ9",
          "dependencies": [
            "aws_route53_zone.jagatback"
          ]
        }
      ]
    },
    {
      "mode": "managed",
      "type": "aws_route53_record",
      "name": "www_record",
      "provider": "provider[\"registry.terraform.io/hashicorp/aws\"]",
      "instances": [
        {
          "schema_version": 2,
          "attributes": {
            "alias": [],
            "allow_overwrite": null,
            "cidr_routing_policy": [],
            "failover_routing_policy": [],
            "fqdn": "www.jagatback.com",
            "geolocation_routing_policy": [],
            "geoproximity_routing_policy": [],
            "health_check_id": "",
            "id": "Z01647971VB6HR9ZJVLZT_www.jagatback.com_CNAME",
            "latency_routing_policy": [],
            "multivalue_answer_routing_policy": false,
            "name": "www.jagatback.com",
            "records": [
              "104.236.247.8"
            ],
            "set_identifier": "",
            "timeouts": null,
            "ttl": 300,
            "type": "CNAME",
            "weighted_routing_policy": [],
            "zone_id": "Z01647971VB6HR9ZJVLZT"
          },
          "sensitive_attributes": [],
          "identity_schema_version": 0,
          "identity": {
            "account_id": "205930623316",
            "name": "www.jagatback.com",
            "set_identifier": null,
            "type": "CNAME",
            "zone_id": "Z01647971VB6HR9ZJVLZT"
          },
          "private": "eyJlMmJmYjczMC1lY2FhLTExZTYtOGY4OC0zNDM2M2JjN2M0YzAiOnsiY3JlYXRlIjoxODAwMDAwMDAwMDAwLCJkZWxldGUiOjE4MDAwMDAwMDAwMDAsInVwZGF0ZSI6MTgwMDAwMDAwMDAwMH0sInNjaGVtYV92ZXJzaW9uIjoiMiJ9",
          "dependencies": [
            "aws_route53_zone.jagatback"
          ]
        }
      ]
    },
    {
      "mode": "managed",
      "type": "aws_route53_zone",
      "name": "jagatback",
      "provider": "provider[\"registry.terraform.io/hashicorp/aws\"]",
      "instances": [
        {
          "schema_version": 0,
          "attributes": {
            "arn": "arn:aws:route53:::hostedzone/Z01647971VB6HR9ZJVLZT",
            "comment": "Managed by Terraform",
            "delegation_set_id": "",
            "force_destroy": false,
            "id": "Z01647971VB6HR9ZJVLZT",
            "name": "jagatback.com",
            "name_servers": [
              "ns-1431.awsdns-50.org",
              "ns-1794.awsdns-32.co.uk",
              "ns-817.awsdns-38.net",
              "ns-99.awsdns-12.com"
            ],
            "primary_name_server": "ns-1794.awsdns-32.co.uk",
            "tags": null,
            "tags_all": {},
            "timeouts": null,
            "vpc": [],
            "zone_id": "Z01647971VB6HR9ZJVLZT"
          },
          "sensitive_attributes": [],
          "identity_schema_version": 0,
          "private": "eyJlMmJmYjczMC1lY2FhLTExZTYtOGY4OC0zNDM2M2JjN2M0YzAiOnsiY3JlYXRlIjoxODAwMDAwMDAwMDAwLCJkZWxldGUiOjE4MDAwMDAwMDAwMDAsInVwZGF0ZSI6MTgwMDAwMDAwMDAwMH19"
        }
      ]
    }
  ],
  "check_results": null
}
