j@i-ho 8.RDS % terraform apply
var.RDS_PASSWORD
  Enter a value: jagdevops


Terraform used the selected providers to generate the following execution plan. Resource actions are indicated with the following
symbols:
  + create

Terraform will perform the following actions:

  # aws_db_instance.mariadb will be created
  + resource "aws_db_instance" "mariadb" {
      + address                               = (known after apply)
      + allocated_storage                     = 20
      + apply_immediately                     = false
      + arn                                   = (known after apply)
      + auto_minor_version_upgrade            = true
      + availability_zone                     = "eu-west-2a"
      + backup_retention_period               = 30
      + backup_target                         = (known after apply)
      + backup_window                         = (known after apply)
      + ca_cert_identifier                    = (known after apply)
      + character_set_name                    = (known after apply)
      + copy_tags_to_snapshot                 = false
      + database_insights_mode                = (known after apply)
      + db_name                               = "mydb"
      + db_subnet_group_name                  = "mariadb-subnet"
      + dedicated_log_volume                  = false
      + delete_automated_backups              = true
      + domain_fqdn                           = (known after apply)
      + endpoint                              = (known after apply)
      + engine                                = "mariadb"
      + engine_lifecycle_support              = (known after apply)
      + engine_version                        = "10.6.23"
      + engine_version_actual                 = (known after apply)
      + hosted_zone_id                        = (known after apply)
      + id                                    = (known after apply)
      + identifier                            = "mariadb-instance"
      + identifier_prefix                     = (known after apply)
      + instance_class                        = "db.t3.micro"
      + iops                                  = (known after apply)
      + kms_key_id                            = (known after apply)
      + latest_restorable_time                = (known after apply)
      + license_model                         = (known after apply)
      + listener_endpoint                     = (known after apply)
      + maintenance_window                    = (known after apply)
      + master_user_secret                    = (known after apply)
      + master_user_secret_kms_key_id         = (known after apply)
      + monitoring_interval                   = 0
      + monitoring_role_arn                   = (known after apply)
      + multi_az                              = false
      + nchar_character_set_name              = (known after apply)
      + network_type                          = (known after apply)
      + option_group_name                     = (known after apply)
      + parameter_group_name                  = "mariadb-paremeters"
      + password                              = (sensitive value)
      + password_wo                           = (write-only attribute)
      + performance_insights_enabled          = false
      + performance_insights_kms_key_id       = (known after apply)
      + performance_insights_retention_period = (known after apply)
      + port                                  = (known after apply)
      + publicly_accessible                   = false
      + region                                = "eu-west-2"
      + replica_mode                          = (known after apply)
      + replicas                              = (known after apply)
      + resource_id                           = (known after apply)
      + skip_final_snapshot                   = true
      + snapshot_identifier                   = (known after apply)
      + status                                = (known after apply)
      + storage_throughput                    = (known after apply)
      + storage_type                          = "gp2"
      + tags                                  = {
          + "Name" = "mariadb-instance"
        }
      + tags_all                              = {
          + "Name" = "mariadb-instance"
        }
      + timezone                              = (known after apply)
      + username                              = "root"
      + vpc_security_group_ids                = (known after apply)
    }

  # aws_db_parameter_group.mariadb-parameters will be created
  + resource "aws_db_parameter_group" "mariadb-parameters" {
      + arn          = (known after apply)
      + description  = "mariadb parameter group"
      + family       = "mariadb10.6"
      + id           = (known after apply)
      + name         = "mariadb-paremeters"
      + name_prefix  = (known after apply)
      + region       = "eu-west-2"
      + skip_destroy = false
      + tags_all     = (known after apply)

      + parameter {
          + apply_method = "immediate"
          + name         = "character_set_server"
          + value        = "utf8mb4"
        }
    }

  # aws_db_subnet_group.mariadb-subnet will be created
  + resource "aws_db_subnet_group" "mariadb-subnet" {
      + arn                     = (known after apply)
      + description             = "subnet group for mariadb"
      + id                      = (known after apply)
      + name                    = "mariadb-subnet"
      + name_prefix             = (known after apply)
      + region                  = "eu-west-2"
      + subnet_ids              = (known after apply)
      + supported_network_types = (known after apply)
      + tags_all                = (known after apply)
      + vpc_id                  = (known after apply)
    }

  # aws_instance.example will be created
  + resource "aws_instance" "example" {
      + ami                                  = "ami-0cb226682278979e9"
      + arn                                  = (known after apply)
      + associate_public_ip_address          = (known after apply)
      + availability_zone                    = (known after apply)
      + disable_api_stop                     = (known after apply)
      + disable_api_termination              = (known after apply)
      + ebs_optimized                        = (known after apply)
      + enable_primary_ipv6                  = (known after apply)
      + force_destroy                        = false
      + get_password_data                    = false
      + host_id                              = (known after apply)
      + host_resource_group_arn              = (known after apply)
      + iam_instance_profile                 = (known after apply)
      + id                                   = (known after apply)
      + instance_initiated_shutdown_behavior = (known after apply)
      + instance_lifecycle                   = (known after apply)
      + instance_state                       = (known after apply)
      + instance_type                        = "t2.micro"
      + ipv6_address_count                   = (known after apply)
      + ipv6_addresses                       = (known after apply)
      + key_name                             = "j_iac_id_rsa"
      + monitoring                           = (known after apply)
      + outpost_arn                          = (known after apply)
      + password_data                        = (known after apply)
      + placement_group                      = (known after apply)
      + placement_group_id                   = (known after apply)
      + placement_partition_number           = (known after apply)
      + primary_network_interface_id         = (known after apply)
      + private_dns                          = (known after apply)
      + private_ip                           = (known after apply)
      + public_dns                           = (known after apply)
      + public_ip                            = (known after apply)
      + region                               = "eu-west-2"
      + secondary_private_ips                = (known after apply)
      + security_groups                      = (known after apply)
      + source_dest_check                    = true
      + spot_instance_request_id             = (known after apply)
      + subnet_id                            = (known after apply)
      + tags                                 = {
          + "Name" = "example-instance"
        }
      + tags_all                             = {
          + "Name" = "example-instance"
        }
      + tenancy                              = (known after apply)
      + user_data_base64                     = (known after apply)
      + user_data_replace_on_change          = false
      + vpc_security_group_ids               = (known after apply)

      + capacity_reservation_specification (known after apply)

      + cpu_options (known after apply)

      + ebs_block_device (known after apply)

      + enclave_options (known after apply)

      + ephemeral_block_device (known after apply)

      + instance_market_options (known after apply)

      + maintenance_options (known after apply)

      + metadata_options (known after apply)

      + network_interface (known after apply)

      + primary_network_interface (known after apply)

      + private_dns_name_options (known after apply)

      + root_block_device (known after apply)
    }

  # aws_internet_gateway.main-gw will be created
  + resource "aws_internet_gateway" "main-gw" {
      + arn      = (known after apply)
      + id       = (known after apply)
      + owner_id = (known after apply)
      + region   = "eu-west-2"
      + tags     = {
          + "Name" = "main-gateway"
        }
      + tags_all = {
          + "Name" = "main-gateway"
        }
      + vpc_id   = (known after apply)
    }

  # aws_key_pair.j_iac_key will be created
  + resource "aws_key_pair" "j_iac_key" {
      + arn             = (known after apply)
      + fingerprint     = (known after apply)
      + id              = (known after apply)
      + key_name        = "j_iac_id_rsa"
      + key_name_prefix = (known after apply)
      + key_pair_id     = (known after apply)
      + key_type        = (known after apply)
      + public_key      = "ssh-rsa AAAAB3NzaC1yc2EAAAADAQABAAACAQCzINw8Smu6c8FdjJ+4//JfPELeSTTFsowuRB7s2aDcMVK3gBLuHFeJUswTbH7BLK8GWvwDCCu6mZ0OBQQeLXCdMyCxn05Od0pJh4OYM2PpAqBnYOld1bXKE/MuquiDRiDEqcl/8O3ZEpV9vl8/HJe9faPQJFZFxwCR2NLzyp0xDApkqecBc6lPatcLR16TdLFXyFO9L3WUwq+reNgZO4VLqd1k2E/Tnp5ch599HLfMeyZaXp6pk4sN4yBubZ72KCee1bqJWrb/sF/1OgTSslLWcqaIk9bE9w3iolB5oayQxog20NFj+BN4FblZyCy3GLnACvuCJRDXY4g5ztFuYzCfBwrUFn4RAL4jyy2vSHzy/rUEIETbzKqiXb4OC/1qil4VSkBFxxp0Z6kVAPM6YwwX7YWpxDlPrCs2HytzbkZuXErmfsQ8qyGVHl+uU4+KSvH+vo0WJiEa/6Qy5EoMvGck0zOE1orbnD/V/aX8nxs+hM5baSrrVDKpMMNOsL2CoH4aIxUJTIsJfzzcqTTh4bJ33Pympck0IMKgLDOtJNEpNqJ0qoroVL/PsVFRMMZOKVA4ESKhnwskKjulcby252ygUYhlhSgsHHYmie7JLJwe3GYQ9mgUI0H34TjRxpRZM7yMprdfxMQglqnYRYnEzwA9eOLe9vucbm14ZCn+LvmBow== j@s.local"
      + region          = "eu-west-2"
      + tags_all        = (known after apply)
    }

  # aws_route_table.public_rt will be created
  + resource "aws_route_table" "public_rt" {
      + arn              = (known after apply)
      + id               = (known after apply)
      + owner_id         = (known after apply)
      + propagating_vgws = (known after apply)
      + region           = "eu-west-2"
      + route            = [
          + {
              + cidr_block                 = "0.0.0.0/24"
              + gateway_id                 = (known after apply)
                # (11 unchanged attributes hidden)
            },
        ]
      + tags             = {
          + "Name" = "public-route-table"
        }
      + tags_all         = {
          + "Name" = "public-route-table"
        }
      + vpc_id           = (known after apply)
    }

  # aws_route_table_association.public_subnet-1 will be created
  + resource "aws_route_table_association" "public_subnet-1" {
      + id             = (known after apply)
      + region         = "eu-west-2"
      + route_table_id = (known after apply)
      + subnet_id      = (known after apply)
    }

  # aws_route_table_association.public_subnet-2 will be created
  + resource "aws_route_table_association" "public_subnet-2" {
      + id             = (known after apply)
      + region         = "eu-west-2"
      + route_table_id = (known after apply)
      + subnet_id      = (known after apply)
    }

  # aws_route_table_association.public_subnet-3 will be created
  + resource "aws_route_table_association" "public_subnet-3" {
      + id             = (known after apply)
      + region         = "eu-west-2"
      + route_table_id = (known after apply)
      + subnet_id      = (known after apply)
    }

  # aws_security_group.allow-mariadb will be created
  + resource "aws_security_group" "allow-mariadb" {
      + arn                    = (known after apply)
      + description            = "Allow inbound traffic from EC2 to RDS"
      + egress                 = [
          + {
              + cidr_blocks      = [
                  + "0.0.0.0/0",
                ]
              + from_port        = 0
              + ipv6_cidr_blocks = []
              + prefix_list_ids  = []
              + protocol         = "-1"
              + security_groups  = []
              + self             = true
              + to_port          = 0
                # (1 unchanged attribute hidden)
            },
        ]
      + id                     = (known after apply)
      + ingress                = [
          + {
              + cidr_blocks      = []
              + from_port        = 3306
              + ipv6_cidr_blocks = []
              + prefix_list_ids  = []
              + protocol         = "tcp"
              + security_groups  = (known after apply)
              + self             = false
              + to_port          = 3306
                # (1 unchanged attribute hidden)
            },
        ]
      + name                   = "allow-mariadb"
      + name_prefix            = (known after apply)
      + owner_id               = (known after apply)
      + region                 = "eu-west-2"
      + revoke_rules_on_delete = false
      + tags                   = {
          + "Name" = "allow-mariadb"
        }
      + tags_all               = {
          + "Name" = "allow-mariadb"
        }
      + vpc_id                 = (known after apply)
    }

  # aws_security_group.example-instance will be created
  + resource "aws_security_group" "example-instance" {
      + arn                    = (known after apply)
      + description            = "Allow inbound traffic to MariaDB"
      + egress                 = [
          + {
              + cidr_blocks      = [
                  + "0.0.0.0/0",
                ]
              + from_port        = 0
              + ipv6_cidr_blocks = []
              + prefix_list_ids  = []
              + protocol         = "-1"
              + security_groups  = []
              + self             = false
              + to_port          = 0
                # (1 unchanged attribute hidden)
            },
        ]
      + id                     = (known after apply)
      + ingress                = [
          + {
              + cidr_blocks      = [
                  + "0.0.0.0/0",
                ]
              + from_port        = 22
              + ipv6_cidr_blocks = []
              + prefix_list_ids  = []
              + protocol         = "tcp"
              + security_groups  = []
              + self             = false
              + to_port          = 22
                # (1 unchanged attribute hidden)
            },
        ]
      + name                   = "allow-instance"
      + name_prefix            = (known after apply)
      + owner_id               = (known after apply)
      + region                 = "eu-west-2"
      + revoke_rules_on_delete = false
      + tags                   = {
          + "Name" = "allow-instance"
        }
      + tags_all               = {
          + "Name" = "allow-instance"
        }
      + vpc_id                 = (known after apply)
    }

  # aws_subnet.private_subnet-1 will be created
  + resource "aws_subnet" "private_subnet-1" {
      + arn                                            = (known after apply)
      + assign_ipv6_address_on_creation                = false
      + availability_zone                              = "eu-west-2a"
      + availability_zone_id                           = (known after apply)
      + cidr_block                                     = "10.0.4.0/24"
      + enable_dns64                                   = false
      + enable_resource_name_dns_a_record_on_launch    = false
      + enable_resource_name_dns_aaaa_record_on_launch = false
      + id                                             = (known after apply)
      + ipv6_cidr_block_association_id                 = (known after apply)
      + ipv6_native                                    = false
      + map_public_ip_on_launch                        = false
      + owner_id                                       = (known after apply)
      + private_dns_hostname_type_on_launch            = (known after apply)
      + region                                         = "eu-west-2"
      + tags                                           = {
          + "Name" = "private_subnet-1"
        }
      + tags_all                                       = {
          + "Name" = "private_subnet-1"
        }
      + vpc_id                                         = (known after apply)
    }

  # aws_subnet.private_subnet-2 will be created
  + resource "aws_subnet" "private_subnet-2" {
      + arn                                            = (known after apply)
      + assign_ipv6_address_on_creation                = false
      + availability_zone                              = "eu-west-2b"
      + availability_zone_id                           = (known after apply)
      + cidr_block                                     = "10.0.5.0/24"
      + enable_dns64                                   = false
      + enable_resource_name_dns_a_record_on_launch    = false
      + enable_resource_name_dns_aaaa_record_on_launch = false
      + id                                             = (known after apply)
      + ipv6_cidr_block_association_id                 = (known after apply)
      + ipv6_native                                    = false
      + map_public_ip_on_launch                        = false
      + owner_id                                       = (known after apply)
      + private_dns_hostname_type_on_launch            = (known after apply)
      + region                                         = "eu-west-2"
      + tags                                           = {
          + "Name" = "private_subnet-2"
        }
      + tags_all                                       = {
          + "Name" = "private_subnet-2"
        }
      + vpc_id                                         = (known after apply)
    }

  # aws_subnet.private_subnet-3 will be created
  + resource "aws_subnet" "private_subnet-3" {
      + arn                                            = (known after apply)
      + assign_ipv6_address_on_creation                = false
      + availability_zone                              = "eu-west-2c"
      + availability_zone_id                           = (known after apply)
      + cidr_block                                     = "10.0.6.0/24"
      + enable_dns64                                   = false
      + enable_resource_name_dns_a_record_on_launch    = false
      + enable_resource_name_dns_aaaa_record_on_launch = false
      + id                                             = (known after apply)
      + ipv6_cidr_block_association_id                 = (known after apply)
      + ipv6_native                                    = false
      + map_public_ip_on_launch                        = false
      + owner_id                                       = (known after apply)
      + private_dns_hostname_type_on_launch            = (known after apply)
      + region                                         = "eu-west-2"
      + tags                                           = {
          + "Name" = "private_subnet-3"
        }
      + tags_all                                       = {
          + "Name" = "private_subnet-3"
        }
      + vpc_id                                         = (known after apply)
    }

  # aws_subnet.public_subnet-1 will be created
  + resource "aws_subnet" "public_subnet-1" {
      + arn                                            = (known after apply)
      + assign_ipv6_address_on_creation                = false
      + availability_zone                              = "eu-west-2a"
      + availability_zone_id                           = (known after apply)
      + cidr_block                                     = "10.0.1.0/24"
      + enable_dns64                                   = false
      + enable_resource_name_dns_a_record_on_launch    = false
      + enable_resource_name_dns_aaaa_record_on_launch = false
      + id                                             = (known after apply)
      + ipv6_cidr_block_association_id                 = (known after apply)
      + ipv6_native                                    = false
      + map_public_ip_on_launch                        = true
      + owner_id                                       = (known after apply)
      + private_dns_hostname_type_on_launch            = (known after apply)
      + region                                         = "eu-west-2"
      + tags                                           = {
          + "Name" = "public_subnet-1"
        }
      + tags_all                                       = {
          + "Name" = "public_subnet-1"
        }
      + vpc_id                                         = (known after apply)
    }

  # aws_subnet.public_subnet-2 will be created
  + resource "aws_subnet" "public_subnet-2" {
      + arn                                            = (known after apply)
      + assign_ipv6_address_on_creation                = false
      + availability_zone                              = "eu-west-2b"
      + availability_zone_id                           = (known after apply)
      + cidr_block                                     = "10.0.2.0/24"
      + enable_dns64                                   = false
      + enable_resource_name_dns_a_record_on_launch    = false
      + enable_resource_name_dns_aaaa_record_on_launch = false
      + id                                             = (known after apply)
      + ipv6_cidr_block_association_id                 = (known after apply)
      + ipv6_native                                    = false
      + map_public_ip_on_launch                        = true
      + owner_id                                       = (known after apply)
      + private_dns_hostname_type_on_launch            = (known after apply)
      + region                                         = "eu-west-2"
      + tags                                           = {
          + "Name" = "public_subnet-2"
        }
      + tags_all                                       = {
          + "Name" = "public_subnet-2"
        }
      + vpc_id                                         = (known after apply)
    }

  # aws_subnet.public_subnet-3 will be created
  + resource "aws_subnet" "public_subnet-3" {
      + arn                                            = (known after apply)
      + assign_ipv6_address_on_creation                = false
      + availability_zone                              = "eu-west-2c"
      + availability_zone_id                           = (known after apply)
      + cidr_block                                     = "10.0.3.0/24"
      + enable_dns64                                   = false
      + enable_resource_name_dns_a_record_on_launch    = false
      + enable_resource_name_dns_aaaa_record_on_launch = false
      + id                                             = (known after apply)
      + ipv6_cidr_block_association_id                 = (known after apply)
      + ipv6_native                                    = false
      + map_public_ip_on_launch                        = true
      + owner_id                                       = (known after apply)
      + private_dns_hostname_type_on_launch            = (known after apply)
      + region                                         = "eu-west-2"
      + tags                                           = {
          + "Name" = "named_subnet-3"
        }
      + tags_all                                       = {
          + "Name" = "named_subnet-3"
        }
      + vpc_id                                         = (known after apply)
    }

  # aws_vpc.main will be created
  + resource "aws_vpc" "main" {
      + arn                                  = (known after apply)
      + cidr_block                           = "10.0.0.0/16"
      + default_network_acl_id               = (known after apply)
      + default_route_table_id               = (known after apply)
      + default_security_group_id            = (known after apply)
      + dhcp_options_id                      = (known after apply)
      + enable_dns_hostnames                 = true
      + enable_dns_support                   = true
      + enable_network_address_usage_metrics = (known after apply)
      + id                                   = (known after apply)
      + instance_tenancy                     = "default"
      + ipv6_association_id                  = (known after apply)
      + ipv6_cidr_block                      = (known after apply)
      + ipv6_cidr_block_network_border_group = (known after apply)
      + main_route_table_id                  = (known after apply)
      + owner_id                             = (known after apply)
      + region                               = "eu-west-2"
      + tags                                 = {
          + "Name" = "main-vpc"
        }
      + tags_all                             = {
          + "Name" = "main-vpc"
        }
    }

Plan: 19 to add, 0 to change, 0 to destroy.

Changes to Outputs:
  + instance     = (known after apply)
  + rds_endpoint = (known after apply)

Do you want to perform these actions?
  Terraform will perform the actions described above.
  Only 'yes' will be accepted to approve.

  Enter a value: yes

aws_db_parameter_group.mariadb-parameters: Creating...
aws_vpc.main: Creating...
aws_key_pair.j_iac_key: Creating...
aws_key_pair.j_iac_key: Creation complete after 0s [id=j_iac_id_rsa]
aws_db_parameter_group.mariadb-parameters: Creation complete after 3s [id=mariadb-paremeters]
aws_vpc.main: Still creating... [00m10s elapsed]
aws_vpc.main: Creation complete after 11s [id=vpc-0401325af1227cad8]
aws_subnet.private_subnet-1: Creating...
aws_internet_gateway.main-gw: Creating...
aws_subnet.public_subnet-1: Creating...
aws_subnet.private_subnet-2: Creating...
aws_subnet.private_subnet-3: Creating...
aws_subnet.public_subnet-3: Creating...
aws_security_group.example-instance: Creating...
aws_subnet.public_subnet-2: Creating...
aws_internet_gateway.main-gw: Creation complete after 1s [id=igw-0ca20d26b06c0cd9d]
aws_route_table.public_rt: Creating...
aws_subnet.private_subnet-3: Creation complete after 1s [id=subnet-0896726a7e81e5035]
aws_subnet.private_subnet-1: Creation complete after 1s [id=subnet-0c3431a462418efb9]
aws_subnet.private_subnet-2: Creation complete after 1s [id=subnet-0b6f5cff727ef9e92]
aws_db_subnet_group.mariadb-subnet: Creating...
aws_route_table.public_rt: Creation complete after 1s [id=rtb-0e6ab426dbefef180]
aws_db_subnet_group.mariadb-subnet: Creation complete after 1s [id=mariadb-subnet]
aws_security_group.example-instance: Creation complete after 2s [id=sg-0c3598957d20786a7]
aws_security_group.allow-mariadb: Creating...
aws_security_group.allow-mariadb: Creation complete after 2s [id=sg-0f1a0e58547a9b54b]
aws_db_instance.mariadb: Creating...
aws_subnet.public_subnet-3: Still creating... [00m10s elapsed]
aws_subnet.public_subnet-1: Still creating... [00m10s elapsed]
aws_subnet.public_subnet-2: Still creating... [00m10s elapsed]
aws_subnet.public_subnet-2: Creation complete after 11s [id=subnet-0920f8e9ca282bff6]
aws_route_table_association.public_subnet-2: Creating...
aws_subnet.public_subnet-1: Creation complete after 11s [id=subnet-08977da508c662f6c]
aws_route_table_association.public_subnet-1: Creating...
aws_instance.example: Creating...
aws_route_table_association.public_subnet-2: Creation complete after 0s [id=rtbassoc-012eeceb6cc389b9d]
aws_route_table_association.public_subnet-1: Creation complete after 0s [id=rtbassoc-0a8f79d2fe934fbc2]
aws_db_instance.mariadb: Still creating... [00m10s elapsed]
aws_subnet.public_subnet-3: Creation complete after 14s [id=subnet-023efcd8206973829]
aws_route_table_association.public_subnet-3: Creating...
aws_route_table_association.public_subnet-3: Creation complete after 0s [id=rtbassoc-056056626b13c6ae6]
aws_instance.example: Still creating... [00m10s elapsed]
aws_db_instance.mariadb: Still creating... [00m20s elapsed]
aws_instance.example: Still creating... [00m20s elapsed]
aws_instance.example: Creation complete after 22s [id=i-0aa41bb84a50f27d9]
aws_db_instance.mariadb: Still creating... [00m30s elapsed]
aws_db_instance.mariadb: Still creating... [00m40s elapsed]
aws_db_instance.mariadb: Still creating... [00m50s elapsed]
aws_db_instance.mariadb: Still creating... [01m00s elapsed]
aws_db_instance.mariadb: Still creating... [01m10s elapsed]
aws_db_instance.mariadb: Still creating... [01m20s elapsed]
aws_db_instance.mariadb: Still creating... [01m30s elapsed]
aws_db_instance.mariadb: Still creating... [01m40s elapsed]
aws_db_instance.mariadb: Still creating... [01m50s elapsed]
aws_db_instance.mariadb: Still creating... [02m00s elapsed]
aws_db_instance.mariadb: Still creating... [02m10s elapsed]
aws_db_instance.mariadb: Still creating... [02m20s elapsed]
aws_db_instance.mariadb: Still creating... [02m30s elapsed]
aws_db_instance.mariadb: Still creating... [02m40s elapsed]
aws_db_instance.mariadb: Still creating... [02m50s elapsed]
aws_db_instance.mariadb: Still creating... [03m00s elapsed]
aws_db_instance.mariadb: Still creating... [03m10s elapsed]
aws_db_instance.mariadb: Still creating... [03m20s elapsed]
aws_db_instance.mariadb: Still creating... [03m30s elapsed]
aws_db_instance.mariadb: Still creating... [03m40s elapsed]
aws_db_instance.mariadb: Still creating... [03m50s elapsed]
aws_db_instance.mariadb: Still creating... [04m00s elapsed]
aws_db_instance.mariadb: Still creating... [04m10s elapsed]
aws_db_instance.mariadb: Still creating... [04m20s elapsed]
aws_db_instance.mariadb: Still creating... [04m30s elapsed]
aws_db_instance.mariadb: Still creating... [04m40s elapsed]
aws_db_instance.mariadb: Still creating... [04m50s elapsed]
aws_db_instance.mariadb: Still creating... [05m00s elapsed]
aws_db_instance.mariadb: Still creating... [05m10s elapsed]
aws_db_instance.mariadb: Still creating... [05m20s elapsed]
aws_db_instance.mariadb: Still creating... [05m30s elapsed]
aws_db_instance.mariadb: Still creating... [05m40s elapsed]
aws_db_instance.mariadb: Still creating... [05m50s elapsed]
aws_db_instance.mariadb: Still creating... [06m00s elapsed]
aws_db_instance.mariadb: Still creating... [06m10s elapsed]
aws_db_instance.mariadb: Still creating... [06m20s elapsed]
aws_db_instance.mariadb: Still creating... [06m30s elapsed]
aws_db_instance.mariadb: Still creating... [06m40s elapsed]
aws_db_instance.mariadb: Creation complete after 6m49s [id=db-NSUPRK4VDQ5424LV7UBBAKJPF4]

Apply complete! Resources: 19 added, 0 changed, 0 destroyed.

Outputs:

instance = "3.8.134.11"
rds_endpoint = "mariadb-instance.c32q2gmam868.eu-west-2.rds.amazonaws.com:3306"
